
Microsoft Visual Studio Solution File, Format Version 12.00
# Visual Studio 14
VisualStudioVersion = 14.0.23107.0
MinimumVisualStudioVersion = 10.0.40219.1
Project("{2150E333-8FDC-42A3-9474-1A3956D46DE8}") = "src", "src", "{8F7E233F-52FC-468F-B3D4-A020F3A01725}"
EndProject
Project("{2150E333-8FDC-42A3-9474-1A3956D46DE8}") = "Solution Items", "Solution Items", "{D3F4D872-7D58-4FD5-A864-D806E2E891B4}"
	ProjectSection(SolutionItems) = preProject
		global.json = global.json
	EndProjectSection
EndProject
Project("{FAE04EC0-301F-11D3-BF4B-00C04F79EFBC}") = "MyBookLibrary.Data", "MyBookLibrary.Data\MyBookLibrary.Data.csproj", "{0F1B2EFA-1C43-434A-A1D4-6493ADBD580C}"
EndProject
Project("{FAE04EC0-301F-11D3-BF4B-00C04F79EFBC}") = "MyBookLibrary.IntegrationTests", "MyBookLibrary.IntegrationTests\MyBookLibrary.IntegrationTests.csproj", "{0E21FE83-1A85-4560-A691-54F295F6A34D}"
EndProject
Project("{FAE04EC0-301F-11D3-BF4B-00C04F79EFBC}") = "MyBookLibrary.Service", "MyBookLibrary.Service\MyBookLibrary.Service.csproj", "{D2B48E8B-AF0D-4367-916C-F4ED7AD5DD3E}"
EndProject
Project("{FAE04EC0-301F-11D3-BF4B-00C04F79EFBC}") = "MyBookLibrary.UnitTests", "MyBookLibrary.UnitTests\MyBookLibrary.UnitTests.csproj", "{7AAFBC5A-4197-45F1-B762-D92AF3CF85B2}"
EndProject
Project("{FAE04EC0-301F-11D3-BF4B-00C04F79EFBC}") = "MyBookLibrary.RestClients", "MyBookLibrary.RestClients\MyBookLibrary.RestClients.csproj", "{0EC8F683-678C-4B85-A624-BC019FC8AEEC}"
EndProject
Project("{FAE04EC0-301F-11D3-BF4B-00C04F79EFBC}") = "MyBookLibrary.Web", "MyBookLibrary.Web\MyBookLibrary.Web.csproj", "{080969FD-82D0-4A9D-8A6F-D05AC7E55213}"
EndProject
Global
	GlobalSection(SolutionConfigurationPlatforms) = preSolution
		Debug|Any CPU = Debug|Any CPU
		Release|Any CPU = Release|Any CPU
	EndGlobalSection
	GlobalSection(ProjectConfigurationPlatforms) = postSolution
		{0F1B2EFA-1C43-434A-A1D4-6493ADBD580C}.Debug|Any CPU.ActiveCfg = Debug|Any CPU
		{0F1B2EFA-1C43-434A-A1D4-6493ADBD580C}.Debug|Any CPU.Build.0 = Debug|Any CPU
		{0F1B2EFA-1C43-434A-A1D4-6493ADBD580C}.Release|Any CPU.ActiveCfg = Release|Any CPU
		{0F1B2EFA-1C43-434A-A1D4-6493ADBD580C}.Release|Any CPU.Build.0 = Release|Any CPU
		{0E21FE83-1A85-4560-A691-54F295F6A34D}.Debug|Any CPU.ActiveCfg = Debug|Any CPU
		{0E21FE83-1A85-4560-A691-54F295F6A34D}.Debug|Any CPU.Build.0 = Debug|Any CPU
		{0E21FE83-1A85-4560-A691-54F295F6A34D}.Release|Any CPU.ActiveCfg = Release|Any CPU
		{0E21FE83-1A85-4560-A691-54F295F6A34D}.Release|Any CPU.Build.0 = Release|Any CPU
		{D2B48E8B-AF0D-4367-916C-F4ED7AD5DD3E}.Debug|Any CPU.ActiveCfg = Debug|Any CPU
		{D2B48E8B-AF0D-4367-916C-F4ED7AD5DD3E}.Debug|Any CPU.Build.0 = Debug|Any CPU
		{D2B48E8B-AF0D-4367-916C-F4ED7AD5DD3E}.Release|Any CPU.ActiveCfg = Release|Any CPU
		{D2B48E8B-AF0D-4367-916C-F4ED7AD5DD3E}.Release|Any CPU.Build.0 = Release|Any CPU
		{7AAFBC5A-4197-45F1-B762-D92AF3CF85B2}.Debug|Any CPU.ActiveCfg = Debug|Any CPU
		{7AAFBC5A-4197-45F1-B762-D92AF3CF85B2}.Debug|Any CPU.Build.0 = Debug|Any CPU
		{7AAFBC5A-4197-45F1-B762-D92AF3CF85B2}.Release|Any CPU.ActiveCfg = Release|Any CPU
		{7AAFBC5A-4197-45F1-B762-D92AF3CF85B2}.Release|Any CPU.Build.0 = Release|Any CPU
		{0EC8F683-678C-4B85-A624-BC019FC8AEEC}.Debug|Any CPU.ActiveCfg = Debug|Any CPU
		{0EC8F683-678C-4B85-A624-BC019FC8AEEC}.Debug|Any CPU.Build.0 = Debug|Any CPU
		{0EC8F683-678C-4B85-A624-BC019FC8AEEC}.Release|Any CPU.ActiveCfg = Release|Any CPU
		{0EC8F683-678C-4B85-A624-BC019FC8AEEC}.Release|Any CPU.Build.0 = Release|Any CPU
		{080969FD-82D0-4A9D-8A6F-D05AC7E55213}.Debug|Any CPU.ActiveCfg = Debug|Any CPU
		{080969FD-82D0-4A9D-8A6F-D05AC7E55213}.Debug|Any CPU.Build.0 = Debug|Any CPU
		{080969FD-82D0-4A9D-8A6F-D05AC7E55213}.Release|Any CPU.ActiveCfg = Release|Any CPU
		{080969FD-82D0-4A9D-8A6F-D05AC7E55213}.Release|Any CPU.Build.0 = Release|Any CPU
	EndGlobalSection
	GlobalSection(SolutionProperties) = preSolution
		HideSolutionNode = FALSE
	EndGlobalSection
EndGlobal
